
Microsoft Visual Studio Solution File, Format Version 12.00
# Visual Studio Version 17
VisualStudioVersion = 17.1.32414.318
MinimumVisualStudioVersion = 10.0.40219.1
Project("{9A19103F-16F7-4668-BE54-9A1E7A4F7556}") = "StoreManagementApp", "StoreManagementApp\StoreManagementApp.csproj", "{B3B59B68-2A57-4879-A026-B6C70E38CEE2}"
EndProject
Project("{9A19103F-16F7-4668-BE54-9A1E7A4F7556}") = "Models", "Models\Models.csproj", "{AC483A96-AE3E-44CA-B1D5-4438C138C116}"
EndProject
Project("{9A19103F-16F7-4668-BE54-9A1E7A4F7556}") = "Enums", "Enums\Enums.csproj", "{CBF0049E-EE43-41A4-81B6-37046FBFBF76}"
EndProject
Project("{FAE04EC0-301F-11D3-BF4B-00C04F79EFBC}") = "Services", "Services\Services.csproj", "{B1242D4B-1056-4B1C-89E7-63EB11DADAF3}"
EndProject
Global
	GlobalSection(SolutionConfigurationPlatforms) = preSolution
		Debug|Any CPU = Debug|Any CPU
		Release|Any CPU = Release|Any CPU
	EndGlobalSection
	GlobalSection(ProjectConfigurationPlatforms) = postSolution
		{B3B59B68-2A57-4879-A026-B6C70E38CEE2}.Debug|Any CPU.ActiveCfg = Debug|Any CPU
		{B3B59B68-2A57-4879-A026-B6C70E38CEE2}.Debug|Any CPU.Build.0 = Debug|Any CPU
		{B3B59B68-2A57-4879-A026-B6C70E38CEE2}.Release|Any CPU.ActiveCfg = Release|Any CPU
		{B3B59B68-2A57-4879-A026-B6C70E38CEE2}.Release|Any CPU.Build.0 = Release|Any CPU
		{AC483A96-AE3E-44CA-B1D5-4438C138C116}.Debug|Any CPU.ActiveCfg = Debug|Any CPU
		{AC483A96-AE3E-44CA-B1D5-4438C138C116}.Debug|Any CPU.Build.0 = Debug|Any CPU
		{AC483A96-AE3E-44CA-B1D5-4438C138C116}.Release|Any CPU.ActiveCfg = Release|Any CPU
		{AC483A96-AE3E-44CA-B1D5-4438C138C116}.Release|Any CPU.Build.0 = Release|Any CPU
		{CBF0049E-EE43-41A4-81B6-37046FBFBF76}.Debug|Any CPU.ActiveCfg = Debug|Any CPU
		{CBF0049E-EE43-41A4-81B6-37046FBFBF76}.Debug|Any CPU.Build.0 = Debug|Any CPU
		{CBF0049E-EE43-41A4-81B6-37046FBFBF76}.Release|Any CPU.ActiveCfg = Release|Any CPU
		{CBF0049E-EE43-41A4-81B6-37046FBFBF76}.Release|Any CPU.Build.0 = Release|Any CPU
		{B1242D4B-1056-4B1C-89E7-63EB11DADAF3}.Debug|Any CPU.ActiveCfg = Debug|Any CPU
		{B1242D4B-1056-4B1C-89E7-63EB11DADAF3}.Debug|Any CPU.Build.0 = Debug|Any CPU
		{B1242D4B-1056-4B1C-89E7-63EB11DADAF3}.Release|Any CPU.ActiveCfg = Release|Any CPU
		{B1242D4B-1056-4B1C-89E7-63EB11DADAF3}.Release|Any CPU.Build.0 = Release|Any CPU
	EndGlobalSection
	GlobalSection(SolutionProperties) = preSolution
		HideSolutionNode = FALSE
	EndGlobalSection
	GlobalSection(ExtensibilityGlobals) = postSolution
		SolutionGuid = {FB83E111-AD5B-4C51-99B4-FDE9FE210E8C}
	EndGlobalSection
EndGlobal
