
Microsoft Visual Studio Solution File, Format Version 12.00
# Visual Studio Version 17
VisualStudioVersion = 17.1.32228.430
MinimumVisualStudioVersion = 10.0.40219.1
Project("{9A19103F-16F7-4668-BE54-9A1E7A4F7556}") = "PetStore", "PetStore\PetStore.csproj", "{BBD0F459-4C0B-4FD9-AE4C-0A773188744A}"
EndProject
Project("{FAE04EC0-301F-11D3-BF4B-00C04F79EFBC}") = "Models", "Models\Models.csproj", "{7DB9588F-F9CA-4940-A00A-5CACF77AE0A5}"
EndProject
Project("{FAE04EC0-301F-11D3-BF4B-00C04F79EFBC}") = "Enums", "Enums\Enums.csproj", "{914DE022-0ED1-437B-B384-E7ADB8BEDAC0}"
EndProject
Project("{FAE04EC0-301F-11D3-BF4B-00C04F79EFBC}") = "Service", "Service\Service.csproj", "{2DB62804-946A-4805-8820-3F3C3DB3F252}"
EndProject
Global
	GlobalSection(SolutionConfigurationPlatforms) = preSolution
		Debug|Any CPU = Debug|Any CPU
		Release|Any CPU = Release|Any CPU
	EndGlobalSection
	GlobalSection(ProjectConfigurationPlatforms) = postSolution
		{BBD0F459-4C0B-4FD9-AE4C-0A773188744A}.Debug|Any CPU.ActiveCfg = Debug|Any CPU
		{BBD0F459-4C0B-4FD9-AE4C-0A773188744A}.Debug|Any CPU.Build.0 = Debug|Any CPU
		{BBD0F459-4C0B-4FD9-AE4C-0A773188744A}.Release|Any CPU.ActiveCfg = Release|Any CPU
		{BBD0F459-4C0B-4FD9-AE4C-0A773188744A}.Release|Any CPU.Build.0 = Release|Any CPU
		{7DB9588F-F9CA-4940-A00A-5CACF77AE0A5}.Debug|Any CPU.ActiveCfg = Debug|Any CPU
		{7DB9588F-F9CA-4940-A00A-5CACF77AE0A5}.Debug|Any CPU.Build.0 = Debug|Any CPU
		{7DB9588F-F9CA-4940-A00A-5CACF77AE0A5}.Release|Any CPU.ActiveCfg = Release|Any CPU
		{7DB9588F-F9CA-4940-A00A-5CACF77AE0A5}.Release|Any CPU.Build.0 = Release|Any CPU
		{914DE022-0ED1-437B-B384-E7ADB8BEDAC0}.Debug|Any CPU.ActiveCfg = Debug|Any CPU
		{914DE022-0ED1-437B-B384-E7ADB8BEDAC0}.Debug|Any CPU.Build.0 = Debug|Any CPU
		{914DE022-0ED1-437B-B384-E7ADB8BEDAC0}.Release|Any CPU.ActiveCfg = Release|Any CPU
		{914DE022-0ED1-437B-B384-E7ADB8BEDAC0}.Release|Any CPU.Build.0 = Release|Any CPU
		{2DB62804-946A-4805-8820-3F3C3DB3F252}.Debug|Any CPU.ActiveCfg = Debug|Any CPU
		{2DB62804-946A-4805-8820-3F3C3DB3F252}.Debug|Any CPU.Build.0 = Debug|Any CPU
		{2DB62804-946A-4805-8820-3F3C3DB3F252}.Release|Any CPU.ActiveCfg = Release|Any CPU
		{2DB62804-946A-4805-8820-3F3C3DB3F252}.Release|Any CPU.Build.0 = Release|Any CPU
	EndGlobalSection
	GlobalSection(SolutionProperties) = preSolution
		HideSolutionNode = FALSE
	EndGlobalSection
	GlobalSection(ExtensibilityGlobals) = postSolution
		SolutionGuid = {1F655F84-FB68-4421-9B03-14421B8A2AE9}
	EndGlobalSection
EndGlobal
